
Microsoft Visual Studio Solution File, Format Version 12.00
# Visual Studio 15
VisualStudioVersion = 15.0.28307.645
MinimumVisualStudioVersion = 10.0.40219.1
Project("{FAE04EC0-301F-11D3-BF4B-00C04F79EFBC}") = "Programacion Orientada a Objetos", "Programacion Orientada a Objetos\Programacion Orientada a Objetos.csproj", "{F512F3B8-9F0E-4ECA-994F-31E9301F2EEB}"
EndProject
Project("{FAE04EC0-301F-11D3-BF4B-00C04F79EFBC}") = "ValidacionCedula", "ValidacionCedula\ValidacionCedula.csproj", "{CBAF32C7-3684-4EC4-BCAA-70DF08E15574}"
EndProject
Project("{FAE04EC0-301F-11D3-BF4B-00C04F79EFBC}") = "Conexion_BaseDatos", "Conexion_BaseDatos\Conexion_BaseDatos.csproj", "{F1FA6496-9DA5-44C5-8B5A-11B8702362C4}"
EndProject
Project("{FAE04EC0-301F-11D3-BF4B-00C04F79EFBC}") = "Validaciones", "Validaciones\Validaciones.csproj", "{939DA9E8-7296-483E-B510-BB77C2F176F9}"
EndProject
Project("{FAE04EC0-301F-11D3-BF4B-00C04F79EFBC}") = "Servicio_Mensajeria", "Servicio_Mensajeria\Servicio_Mensajeria.csproj", "{94262E13-BEC2-47DE-84E3-D8958F0761EE}"
EndProject
Project("{FAE04EC0-301F-11D3-BF4B-00C04F79EFBC}") = "Entity_Framework", "Entity_Framework\Entity_Framework.csproj", "{563CAFD4-4EA9-44E1-8EDE-7E671A292CE2}"
EndProject
Global
	GlobalSection(SolutionConfigurationPlatforms) = preSolution
		Debug|Any CPU = Debug|Any CPU
		Release|Any CPU = Release|Any CPU
	EndGlobalSection
	GlobalSection(ProjectConfigurationPlatforms) = postSolution
		{F512F3B8-9F0E-4ECA-994F-31E9301F2EEB}.Debug|Any CPU.ActiveCfg = Debug|Any CPU
		{F512F3B8-9F0E-4ECA-994F-31E9301F2EEB}.Debug|Any CPU.Build.0 = Debug|Any CPU
		{F512F3B8-9F0E-4ECA-994F-31E9301F2EEB}.Release|Any CPU.ActiveCfg = Release|Any CPU
		{F512F3B8-9F0E-4ECA-994F-31E9301F2EEB}.Release|Any CPU.Build.0 = Release|Any CPU
		{CBAF32C7-3684-4EC4-BCAA-70DF08E15574}.Debug|Any CPU.ActiveCfg = Debug|Any CPU
		{CBAF32C7-3684-4EC4-BCAA-70DF08E15574}.Debug|Any CPU.Build.0 = Debug|Any CPU
		{CBAF32C7-3684-4EC4-BCAA-70DF08E15574}.Release|Any CPU.ActiveCfg = Release|Any CPU
		{CBAF32C7-3684-4EC4-BCAA-70DF08E15574}.Release|Any CPU.Build.0 = Release|Any CPU
		{F1FA6496-9DA5-44C5-8B5A-11B8702362C4}.Debug|Any CPU.ActiveCfg = Debug|Any CPU
		{F1FA6496-9DA5-44C5-8B5A-11B8702362C4}.Debug|Any CPU.Build.0 = Debug|Any CPU
		{F1FA6496-9DA5-44C5-8B5A-11B8702362C4}.Release|Any CPU.ActiveCfg = Release|Any CPU
		{F1FA6496-9DA5-44C5-8B5A-11B8702362C4}.Release|Any CPU.Build.0 = Release|Any CPU
		{939DA9E8-7296-483E-B510-BB77C2F176F9}.Debug|Any CPU.ActiveCfg = Debug|Any CPU
		{939DA9E8-7296-483E-B510-BB77C2F176F9}.Debug|Any CPU.Build.0 = Debug|Any CPU
		{939DA9E8-7296-483E-B510-BB77C2F176F9}.Release|Any CPU.ActiveCfg = Release|Any CPU
		{939DA9E8-7296-483E-B510-BB77C2F176F9}.Release|Any CPU.Build.0 = Release|Any CPU
		{94262E13-BEC2-47DE-84E3-D8958F0761EE}.Debug|Any CPU.ActiveCfg = Debug|Any CPU
		{94262E13-BEC2-47DE-84E3-D8958F0761EE}.Debug|Any CPU.Build.0 = Debug|Any CPU
		{94262E13-BEC2-47DE-84E3-D8958F0761EE}.Release|Any CPU.ActiveCfg = Release|Any CPU
		{94262E13-BEC2-47DE-84E3-D8958F0761EE}.Release|Any CPU.Build.0 = Release|Any CPU
		{563CAFD4-4EA9-44E1-8EDE-7E671A292CE2}.Debug|Any CPU.ActiveCfg = Debug|Any CPU
		{563CAFD4-4EA9-44E1-8EDE-7E671A292CE2}.Debug|Any CPU.Build.0 = Debug|Any CPU
		{563CAFD4-4EA9-44E1-8EDE-7E671A292CE2}.Release|Any CPU.ActiveCfg = Release|Any CPU
		{563CAFD4-4EA9-44E1-8EDE-7E671A292CE2}.Release|Any CPU.Build.0 = Release|Any CPU
	EndGlobalSection
	GlobalSection(SolutionProperties) = preSolution
		HideSolutionNode = FALSE
	EndGlobalSection
	GlobalSection(ExtensibilityGlobals) = postSolution
		SolutionGuid = {C8AC9EC2-9D12-42F9-87FC-E582BB89265F}
	EndGlobalSection
EndGlobal
